
Microsoft Visual Studio Solution File, Format Version 12.00
# Visual Studio 15
VisualStudioVersion = 15.0.26124.0
MinimumVisualStudioVersion = 15.0.26124.0
Project("{FAE04EC0-301F-11D3-BF4B-00C04F79EFBC}") = "MqttBridge", "MqttBridge\MqttBridge.csproj", "{DEFD7E22-BF3E-4E3B-ADB8-C3E0DEA7BD78}"
EndProject
Project("{FAE04EC0-301F-11D3-BF4B-00C04F79EFBC}") = "MqttBridgeTest", "MqttBridgeTest\MqttBridgeTest.csproj", "{17C97C06-B6A8-40BF-9FA7-7BA65070B630}"
EndProject
Project("{FAE04EC0-301F-11D3-BF4B-00C04F79EFBC}") = "MqttBridgeCli", "MqttBridgeCli\MqttBridgeCli.csproj", "{82196016-7491-40C3-A32E-F2E4AC0CC8CE}"
EndProject
Project("{2150E333-8FDC-42A3-9474-1A3956D46DE8}") = "MqttBridgeIotHub", "MqttBridgeIotHub", "{2614C639-4256-40DC-B5E7-D2A1488DE9A5}"
EndProject
Project("{FAE04EC0-301F-11D3-BF4B-00C04F79EFBC}") = "MqttBridgeIotHub", "MqttBridgeIotHub\MqttBridgeIotHub\MqttBridgeIotHub.csproj", "{38BC973E-287D-48D1-A812-51F27A75B2EC}"
EndProject
Project("{FAE04EC0-301F-11D3-BF4B-00C04F79EFBC}") = "MqttBridgeIotHubCli", "MqttBridgeIotHub\MqttBridgeIotHubCli\MqttBridgeIotHubCli.csproj", "{F9D82C8B-00A2-4559-B88B-67914E6E8CF0}"
EndProject
Project("{FAE04EC0-301F-11D3-BF4B-00C04F79EFBC}") = "MqttBridgeIotHubTest", "MqttBridgeIotHub\MqttBridgeIotHubTest\MqttBridgeIotHubTest.csproj", "{4364E7B6-06FA-42F6-BA7D-2CED4F6941AE}"
EndProject
Project("{FAE04EC0-301F-11D3-BF4B-00C04F79EFBC}") = "MqttBridgeService", "MqttBridgeService\MqttBridgeService.csproj", "{2C4F6DE8-5A7E-48F3-8AD0-F3EFC590C818}"
EndProject
Global
	GlobalSection(SolutionConfigurationPlatforms) = preSolution
		Debug|Any CPU = Debug|Any CPU
		Debug|x64 = Debug|x64
		Debug|x86 = Debug|x86
		Release|Any CPU = Release|Any CPU
		Release|x64 = Release|x64
		Release|x86 = Release|x86
	EndGlobalSection
	GlobalSection(SolutionProperties) = preSolution
		HideSolutionNode = FALSE
	EndGlobalSection
	GlobalSection(ProjectConfigurationPlatforms) = postSolution
		{DEFD7E22-BF3E-4E3B-ADB8-C3E0DEA7BD78}.Debug|Any CPU.ActiveCfg = Debug|Any CPU
		{DEFD7E22-BF3E-4E3B-ADB8-C3E0DEA7BD78}.Debug|Any CPU.Build.0 = Debug|Any CPU
		{DEFD7E22-BF3E-4E3B-ADB8-C3E0DEA7BD78}.Debug|x64.ActiveCfg = Debug|Any CPU
		{DEFD7E22-BF3E-4E3B-ADB8-C3E0DEA7BD78}.Debug|x64.Build.0 = Debug|Any CPU
		{DEFD7E22-BF3E-4E3B-ADB8-C3E0DEA7BD78}.Debug|x86.ActiveCfg = Debug|Any CPU
		{DEFD7E22-BF3E-4E3B-ADB8-C3E0DEA7BD78}.Debug|x86.Build.0 = Debug|Any CPU
		{DEFD7E22-BF3E-4E3B-ADB8-C3E0DEA7BD78}.Release|Any CPU.ActiveCfg = Release|Any CPU
		{DEFD7E22-BF3E-4E3B-ADB8-C3E0DEA7BD78}.Release|Any CPU.Build.0 = Release|Any CPU
		{DEFD7E22-BF3E-4E3B-ADB8-C3E0DEA7BD78}.Release|x64.ActiveCfg = Release|Any CPU
		{DEFD7E22-BF3E-4E3B-ADB8-C3E0DEA7BD78}.Release|x64.Build.0 = Release|Any CPU
		{DEFD7E22-BF3E-4E3B-ADB8-C3E0DEA7BD78}.Release|x86.ActiveCfg = Release|Any CPU
		{DEFD7E22-BF3E-4E3B-ADB8-C3E0DEA7BD78}.Release|x86.Build.0 = Release|Any CPU
		{17C97C06-B6A8-40BF-9FA7-7BA65070B630}.Debug|Any CPU.ActiveCfg = Debug|Any CPU
		{17C97C06-B6A8-40BF-9FA7-7BA65070B630}.Debug|Any CPU.Build.0 = Debug|Any CPU
		{17C97C06-B6A8-40BF-9FA7-7BA65070B630}.Debug|x64.ActiveCfg = Debug|Any CPU
		{17C97C06-B6A8-40BF-9FA7-7BA65070B630}.Debug|x64.Build.0 = Debug|Any CPU
		{17C97C06-B6A8-40BF-9FA7-7BA65070B630}.Debug|x86.ActiveCfg = Debug|Any CPU
		{17C97C06-B6A8-40BF-9FA7-7BA65070B630}.Debug|x86.Build.0 = Debug|Any CPU
		{17C97C06-B6A8-40BF-9FA7-7BA65070B630}.Release|Any CPU.ActiveCfg = Release|Any CPU
		{17C97C06-B6A8-40BF-9FA7-7BA65070B630}.Release|Any CPU.Build.0 = Release|Any CPU
		{17C97C06-B6A8-40BF-9FA7-7BA65070B630}.Release|x64.ActiveCfg = Release|Any CPU
		{17C97C06-B6A8-40BF-9FA7-7BA65070B630}.Release|x64.Build.0 = Release|Any CPU
		{17C97C06-B6A8-40BF-9FA7-7BA65070B630}.Release|x86.ActiveCfg = Release|Any CPU
		{17C97C06-B6A8-40BF-9FA7-7BA65070B630}.Release|x86.Build.0 = Release|Any CPU
		{82196016-7491-40C3-A32E-F2E4AC0CC8CE}.Debug|Any CPU.ActiveCfg = Debug|Any CPU
		{82196016-7491-40C3-A32E-F2E4AC0CC8CE}.Debug|Any CPU.Build.0 = Debug|Any CPU
		{82196016-7491-40C3-A32E-F2E4AC0CC8CE}.Debug|x64.ActiveCfg = Debug|Any CPU
		{82196016-7491-40C3-A32E-F2E4AC0CC8CE}.Debug|x64.Build.0 = Debug|Any CPU
		{82196016-7491-40C3-A32E-F2E4AC0CC8CE}.Debug|x86.ActiveCfg = Debug|Any CPU
		{82196016-7491-40C3-A32E-F2E4AC0CC8CE}.Debug|x86.Build.0 = Debug|Any CPU
		{82196016-7491-40C3-A32E-F2E4AC0CC8CE}.Release|Any CPU.ActiveCfg = Release|Any CPU
		{82196016-7491-40C3-A32E-F2E4AC0CC8CE}.Release|Any CPU.Build.0 = Release|Any CPU
		{82196016-7491-40C3-A32E-F2E4AC0CC8CE}.Release|x64.ActiveCfg = Release|Any CPU
		{82196016-7491-40C3-A32E-F2E4AC0CC8CE}.Release|x64.Build.0 = Release|Any CPU
		{82196016-7491-40C3-A32E-F2E4AC0CC8CE}.Release|x86.ActiveCfg = Release|Any CPU
		{82196016-7491-40C3-A32E-F2E4AC0CC8CE}.Release|x86.Build.0 = Release|Any CPU
		{38BC973E-287D-48D1-A812-51F27A75B2EC}.Debug|Any CPU.ActiveCfg = Debug|Any CPU
		{38BC973E-287D-48D1-A812-51F27A75B2EC}.Debug|Any CPU.Build.0 = Debug|Any CPU
		{38BC973E-287D-48D1-A812-51F27A75B2EC}.Debug|x64.ActiveCfg = Debug|Any CPU
		{38BC973E-287D-48D1-A812-51F27A75B2EC}.Debug|x64.Build.0 = Debug|Any CPU
		{38BC973E-287D-48D1-A812-51F27A75B2EC}.Debug|x86.ActiveCfg = Debug|Any CPU
		{38BC973E-287D-48D1-A812-51F27A75B2EC}.Debug|x86.Build.0 = Debug|Any CPU
		{38BC973E-287D-48D1-A812-51F27A75B2EC}.Release|Any CPU.ActiveCfg = Release|Any CPU
		{38BC973E-287D-48D1-A812-51F27A75B2EC}.Release|Any CPU.Build.0 = Release|Any CPU
		{38BC973E-287D-48D1-A812-51F27A75B2EC}.Release|x64.ActiveCfg = Release|Any CPU
		{38BC973E-287D-48D1-A812-51F27A75B2EC}.Release|x64.Build.0 = Release|Any CPU
		{38BC973E-287D-48D1-A812-51F27A75B2EC}.Release|x86.ActiveCfg = Release|Any CPU
		{38BC973E-287D-48D1-A812-51F27A75B2EC}.Release|x86.Build.0 = Release|Any CPU
		{F9D82C8B-00A2-4559-B88B-67914E6E8CF0}.Debug|Any CPU.ActiveCfg = Debug|Any CPU
		{F9D82C8B-00A2-4559-B88B-67914E6E8CF0}.Debug|Any CPU.Build.0 = Debug|Any CPU
		{F9D82C8B-00A2-4559-B88B-67914E6E8CF0}.Debug|x64.ActiveCfg = Debug|Any CPU
		{F9D82C8B-00A2-4559-B88B-67914E6E8CF0}.Debug|x64.Build.0 = Debug|Any CPU
		{F9D82C8B-00A2-4559-B88B-67914E6E8CF0}.Debug|x86.ActiveCfg = Debug|Any CPU
		{F9D82C8B-00A2-4559-B88B-67914E6E8CF0}.Debug|x86.Build.0 = Debug|Any CPU
		{F9D82C8B-00A2-4559-B88B-67914E6E8CF0}.Release|Any CPU.ActiveCfg = Release|Any CPU
		{F9D82C8B-00A2-4559-B88B-67914E6E8CF0}.Release|Any CPU.Build.0 = Release|Any CPU
		{F9D82C8B-00A2-4559-B88B-67914E6E8CF0}.Release|x64.ActiveCfg = Release|Any CPU
		{F9D82C8B-00A2-4559-B88B-67914E6E8CF0}.Release|x64.Build.0 = Release|Any CPU
		{F9D82C8B-00A2-4559-B88B-67914E6E8CF0}.Release|x86.ActiveCfg = Release|Any CPU
		{F9D82C8B-00A2-4559-B88B-67914E6E8CF0}.Release|x86.Build.0 = Release|Any CPU
		{4364E7B6-06FA-42F6-BA7D-2CED4F6941AE}.Debug|Any CPU.ActiveCfg = Debug|Any CPU
		{4364E7B6-06FA-42F6-BA7D-2CED4F6941AE}.Debug|Any CPU.Build.0 = Debug|Any CPU
		{4364E7B6-06FA-42F6-BA7D-2CED4F6941AE}.Debug|x64.ActiveCfg = Debug|Any CPU
		{4364E7B6-06FA-42F6-BA7D-2CED4F6941AE}.Debug|x64.Build.0 = Debug|Any CPU
		{4364E7B6-06FA-42F6-BA7D-2CED4F6941AE}.Debug|x86.ActiveCfg = Debug|Any CPU
		{4364E7B6-06FA-42F6-BA7D-2CED4F6941AE}.Debug|x86.Build.0 = Debug|Any CPU
		{4364E7B6-06FA-42F6-BA7D-2CED4F6941AE}.Release|Any CPU.ActiveCfg = Release|Any CPU
		{4364E7B6-06FA-42F6-BA7D-2CED4F6941AE}.Release|Any CPU.Build.0 = Release|Any CPU
		{4364E7B6-06FA-42F6-BA7D-2CED4F6941AE}.Release|x64.ActiveCfg = Release|Any CPU
		{4364E7B6-06FA-42F6-BA7D-2CED4F6941AE}.Release|x64.Build.0 = Release|Any CPU
		{4364E7B6-06FA-42F6-BA7D-2CED4F6941AE}.Release|x86.ActiveCfg = Release|Any CPU
		{4364E7B6-06FA-42F6-BA7D-2CED4F6941AE}.Release|x86.Build.0 = Release|Any CPU
		{2C4F6DE8-5A7E-48F3-8AD0-F3EFC590C818}.Debug|Any CPU.ActiveCfg = Debug|Any CPU
		{2C4F6DE8-5A7E-48F3-8AD0-F3EFC590C818}.Debug|Any CPU.Build.0 = Debug|Any CPU
		{2C4F6DE8-5A7E-48F3-8AD0-F3EFC590C818}.Debug|x64.ActiveCfg = Debug|Any CPU
		{2C4F6DE8-5A7E-48F3-8AD0-F3EFC590C818}.Debug|x64.Build.0 = Debug|Any CPU
		{2C4F6DE8-5A7E-48F3-8AD0-F3EFC590C818}.Debug|x86.ActiveCfg = Debug|Any CPU
		{2C4F6DE8-5A7E-48F3-8AD0-F3EFC590C818}.Debug|x86.Build.0 = Debug|Any CPU
		{2C4F6DE8-5A7E-48F3-8AD0-F3EFC590C818}.Release|Any CPU.ActiveCfg = Release|Any CPU
		{2C4F6DE8-5A7E-48F3-8AD0-F3EFC590C818}.Release|Any CPU.Build.0 = Release|Any CPU
		{2C4F6DE8-5A7E-48F3-8AD0-F3EFC590C818}.Release|x64.ActiveCfg = Release|Any CPU
		{2C4F6DE8-5A7E-48F3-8AD0-F3EFC590C818}.Release|x64.Build.0 = Release|Any CPU
		{2C4F6DE8-5A7E-48F3-8AD0-F3EFC590C818}.Release|x86.ActiveCfg = Release|Any CPU
		{2C4F6DE8-5A7E-48F3-8AD0-F3EFC590C818}.Release|x86.Build.0 = Release|Any CPU
	EndGlobalSection
	GlobalSection(NestedProjects) = preSolution
		{38BC973E-287D-48D1-A812-51F27A75B2EC} = {2614C639-4256-40DC-B5E7-D2A1488DE9A5}
		{F9D82C8B-00A2-4559-B88B-67914E6E8CF0} = {2614C639-4256-40DC-B5E7-D2A1488DE9A5}
		{4364E7B6-06FA-42F6-BA7D-2CED4F6941AE} = {2614C639-4256-40DC-B5E7-D2A1488DE9A5}
	EndGlobalSection
EndGlobal
